dependencies:
- name: memcached
  repository: https://charts.bitnami.com/bitnami
  version: 6.0.16
- name: rabbitmq
  repository: https://charts.bitnami.com/bitnami
  version: 8.32.0
- name: redis
  repository: https://charts.bitnami.com/bitnami
  version: 16.8.7
- name: postgresql
  repository: https://charts.bitnami.com/bitnami
  version: 11.1.22
digest: sha256:4ea1ecaee6ee45c4b780822b216a5c430535c15a18ad5f351a2a3a9f5d7c0c68
generated: "2022-06-18T10:43:06.466943635+02:00"
